
Microsoft Visual Studio Solution File, Format Version 12.00
# Visual Studio 2015
Project("{FAE04EC0-301F-11D3-BF4B-00C04F79EFBC}") = "Shader_Tests.CSharp.Plugins", "Shader_Tests.CSharp.Plugins.csproj", "{40E13FF2-1267-1C76-C89D-8BE0E9E8090F}"
EndProject
Project("{FAE04EC0-301F-11D3-BF4B-00C04F79EFBC}") = "Shader_Tests.CSharp", "Shader_Tests.CSharp.csproj", "{34C4F08D-FB4E-505E-F8B4-F6EEB38CC7D4}"
EndProject
Project("{FAE04EC0-301F-11D3-BF4B-00C04F79EFBC}") = "Shader_Tests.CSharp.Editor", "Shader_Tests.CSharp.Editor.csproj", "{9454BF23-779F-90B0-27C0-6587E916E2A5}"
EndProject
Global
	GlobalSection(SolutionConfigurationPlatforms) = preSolution
		Debug|Any CPU = Debug|Any CPU
		Release|Any CPU = Release|Any CPU
	EndGlobalSection
	GlobalSection(ProjectConfigurationPlatforms) = postSolution
		{40E13FF2-1267-1C76-C89D-8BE0E9E8090F}.Debug|Any CPU.ActiveCfg = Debug|Any CPU
		{40E13FF2-1267-1C76-C89D-8BE0E9E8090F}.Debug|Any CPU.Build.0 = Debug|Any CPU
		{40E13FF2-1267-1C76-C89D-8BE0E9E8090F}.Release|Any CPU.ActiveCfg = Release|Any CPU
		{40E13FF2-1267-1C76-C89D-8BE0E9E8090F}.Release|Any CPU.Build.0 = Release|Any CPU
		{34C4F08D-FB4E-505E-F8B4-F6EEB38CC7D4}.Debug|Any CPU.ActiveCfg = Debug|Any CPU
		{34C4F08D-FB4E-505E-F8B4-F6EEB38CC7D4}.Debug|Any CPU.Build.0 = Debug|Any CPU
		{34C4F08D-FB4E-505E-F8B4-F6EEB38CC7D4}.Release|Any CPU.ActiveCfg = Release|Any CPU
		{34C4F08D-FB4E-505E-F8B4-F6EEB38CC7D4}.Release|Any CPU.Build.0 = Release|Any CPU
		{9454BF23-779F-90B0-27C0-6587E916E2A5}.Debug|Any CPU.ActiveCfg = Debug|Any CPU
		{9454BF23-779F-90B0-27C0-6587E916E2A5}.Debug|Any CPU.Build.0 = Debug|Any CPU
		{9454BF23-779F-90B0-27C0-6587E916E2A5}.Release|Any CPU.ActiveCfg = Release|Any CPU
		{9454BF23-779F-90B0-27C0-6587E916E2A5}.Release|Any CPU.Build.0 = Release|Any CPU
	EndGlobalSection
	GlobalSection(SolutionProperties) = preSolution
		HideSolutionNode = FALSE
	EndGlobalSection
EndGlobal
